// !$*UTF8*$!
{
	archiveVersion = 1;
	classes = {
	};
	objectVersion = 55;
	objects = {

/* Begin PBXBuildFile section */
		036215FD289933A70065A2E7 /* Symbols.swift in Sources */ = {isa = PBXBuildFile; fileRef = 036215FC289933A70065A2E7 /* Symbols.swift */; };
		036215FF289934090065A2E7 /* SFSymbolsPicker.swift in Sources */ = {isa = PBXBuildFile; fileRef = 036215FE289934090065A2E7 /* SFSymbolsPicker.swift */; };
		03638419289A860F004B53C6 /* Imnul Romaniei (Romanian Anthem).mp3 in Resources */ = {isa = PBXBuildFile; fileRef = 03638418289A860F004B53C6 /* Imnul Romaniei (Romanian Anthem).mp3 */; };
		03D51FE9288FE29B00372907 /* DesignerView.swift in Sources */ = {isa = PBXBuildFile; fileRef = 03D51FE8288FE29B00372907 /* DesignerView.swift */; };
		03D51FEB288FF97200372907 /* PreviewPlaygroundView.swift in Sources */ = {isa = PBXBuildFile; fileRef = 03D51FEA288FF97100372907 /* PreviewPlaygroundView.swift */; };
		03D51FEE28900DD600372907 /* ViewModel.swift in Sources */ = {isa = PBXBuildFile; fileRef = 03D51FED28900DD600372907 /* ViewModel.swift */; };
		03F5E1F22891545300A26207 /* Tree.swift in Sources */ = {isa = PBXBuildFile; fileRef = 03F5E1F12891545300A26207 /* Tree.swift */; };
		03F5E1F42897E5E300A26207 /* Stripes.swift in Sources */ = {isa = PBXBuildFile; fileRef = 03F5E1F32897E5E300A26207 /* Stripes.swift */; };
		F9060BC1288FD39B00E73211 /* FlagStackView.swift in Sources */ = {isa = PBXBuildFile; fileRef = F9060BC0288FD39B00E73211 /* FlagStackView.swift */; };
		F9751A5B287D5C470045F788 /* TestProjectApp.swift in Sources */ = {isa = PBXBuildFile; fileRef = F9751A5A287D5C470045F788 /* TestProjectApp.swift */; };
		F9751A5D287D5C470045F788 /* ContentView.swift in Sources */ = {isa = PBXBuildFile; fileRef = F9751A5C287D5C470045F788 /* ContentView.swift */; };
		F9751A5F287D5C4D0045F788 /* Assets.xcassets in Resources */ = {isa = PBXBuildFile; fileRef = F9751A5E287D5C4D0045F788 /* Assets.xcassets */; };
		F9751A62287D5C4D0045F788 /* Preview Assets.xcassets in Resources */ = {isa = PBXBuildFile; fileRef = F9751A61287D5C4D0045F788 /* Preview Assets.xcassets */; };
		F9751A6C287D5C4E0045F788 /* TestProjectTests.swift in Sources */ = {isa = PBXBuildFile; fileRef = F9751A6B287D5C4E0045F788 /* TestProjectTests.swift */; };
		F9751A76287D5C4E0045F788 /* TestProjectUITests.swift in Sources */ = {isa = PBXBuildFile; fileRef = F9751A75287D5C4E0045F788 /* TestProjectUITests.swift */; };
		F9751A78287D5C4E0045F788 /* TestProjectUITestsLaunchTests.swift in Sources */ = {isa = PBXBuildFile; fileRef = F9751A77287D5C4E0045F788 /* TestProjectUITestsLaunchTests.swift */; };
		F9870CAC28894ED9007C55DD /* start.txt in Resources */ = {isa = PBXBuildFile; fileRef = F9870CAB28894ED9007C55DD /* start.txt */; };
		F9E9C141288EA7A3003E0A06 /* AmericaFlagView.swift in Sources */ = {isa = PBXBuildFile; fileRef = F9E9C140288EA7A3003E0A06 /* AmericaFlagView.swift */; };
		F9E9C143288EAA44003E0A06 /* FlagCreatorView.swift in Sources */ = {isa = PBXBuildFile; fileRef = F9E9C142288EAA44003E0A06 /* FlagCreatorView.swift */; };
		F9E9C145288EAC76003E0A06 /* ButtonView.swift in Sources */ = {isa = PBXBuildFile; fileRef = F9E9C144288EAC76003E0A06 /* ButtonView.swift */; };
		F9E9C147288EB950003E0A06 /* SwitzerlandFlagView.swift in Sources */ = {isa = PBXBuildFile; fileRef = F9E9C146288EB950003E0A06 /* SwitzerlandFlagView.swift */; };
		F9E9C149288EC193003E0A06 /* GreeceFlagView.swift in Sources */ = {isa = PBXBuildFile; fileRef = F9E9C148288EC193003E0A06 /* GreeceFlagView.swift */; };
/* End PBXBuildFile section */

/* Begin PBXContainerItemProxy section */
		F9751A68287D5C4E0045F788 /* PBXContainerItemProxy */ = {
			isa = PBXContainerItemProxy;
			containerPortal = F9751A4F287D5C470045F788 /* Project object */;
			proxyType = 1;
			remoteGlobalIDString = F9751A56287D5C470045F788;
			remoteInfo = TestProject;
		};
		F9751A72287D5C4E0045F788 /* PBXContainerItemProxy */ = {
			isa = PBXContainerItemProxy;
			containerPortal = F9751A4F287D5C470045F788 /* Project object */;
			proxyType = 1;
			remoteGlobalIDString = F9751A56287D5C470045F788;
			remoteInfo = TestProject;
		};
/* End PBXContainerItemProxy section */

/* Begin PBXFileReference section */
		036215FC289933A70065A2E7 /* Symbols.swift */ = {isa = PBXFileReference; lastKnownFileType = sourcecode.swift; path = Symbols.swift; sourceTree = "<group>"; };
		036215FE289934090065A2E7 /* SFSymbolsPicker.swift */ = {isa = PBXFileReference; lastKnownFileType = sourcecode.swift; path = SFSymbolsPicker.swift; sourceTree = "<group>"; };
		03621600289952FA0065A2E7 /* Info.plist */ = {isa = PBXFileReference; lastKnownFileType = text.plist; path = Info.plist; sourceTree = "<group>"; };
		03638418289A860F004B53C6 /* Imnul Romaniei (Romanian Anthem).mp3 */ = {isa = PBXFileReference; lastKnownFileType = audio.mp3; name = "Imnul Romaniei (Romanian Anthem).mp3"; path = "../../../../Downloads/Imnul Romaniei (Romanian Anthem).mp3"; sourceTree = "<group>"; };
		03D51FE8288FE29B00372907 /* DesignerView.swift */ = {isa = PBXFileReference; lastKnownFileType = sourcecode.swift; path = DesignerView.swift; sourceTree = "<group>"; };
		03D51FEA288FF97100372907 /* PreviewPlaygroundView.swift */ = {isa = PBXFileReference; lastKnownFileType = sourcecode.swift; path = PreviewPlaygroundView.swift; sourceTree = "<group>"; };
		03D51FED28900DD600372907 /* ViewModel.swift */ = {isa = PBXFileReference; lastKnownFileType = sourcecode.swift; path = ViewModel.swift; sourceTree = "<group>"; };
		03F5E1F12891545300A26207 /* Tree.swift */ = {isa = PBXFileReference; lastKnownFileType = sourcecode.swift; path = Tree.swift; sourceTree = "<group>"; };
		03F5E1F32897E5E300A26207 /* Stripes.swift */ = {isa = PBXFileReference; lastKnownFileType = sourcecode.swift; path = Stripes.swift; sourceTree = "<group>"; };
		F9060BC0288FD39B00E73211 /* FlagStackView.swift */ = {isa = PBXFileReference; lastKnownFileType = sourcecode.swift; path = FlagStackView.swift; sourceTree = "<group>"; };
		F9751A57287D5C470045F788 /* TestProject.app */ = {isa = PBXFileReference; explicitFileType = wrapper.application; includeInIndex = 0; path = TestProject.app; sourceTree = BUILT_PRODUCTS_DIR; };
		F9751A5A287D5C470045F788 /* TestProjectApp.swift */ = {isa = PBXFileReference; lastKnownFileType = sourcecode.swift; path = TestProjectApp.swift; sourceTree = "<group>"; };
		F9751A5C287D5C470045F788 /* ContentView.swift */ = {isa = PBXFileReference; lastKnownFileType = sourcecode.swift; path = ContentView.swift; sourceTree = "<group>"; };
		F9751A5E287D5C4D0045F788 /* Assets.xcassets */ = {isa = PBXFileReference; lastKnownFileType = folder.assetcatalog; path = Assets.xcassets; sourceTree = "<group>"; };
		F9751A61287D5C4D0045F788 /* Preview Assets.xcassets */ = {isa = PBXFileReference; lastKnownFileType = folder.assetcatalog; path = "Preview Assets.xcassets"; sourceTree = "<group>"; };
		F9751A67287D5C4E0045F788 /* TestProjectTests.xctest */ = {isa = PBXFileReference; explicitFileType = wrapper.cfbundle; includeInIndex = 0; path = TestProjectTests.xctest; sourceTree = BUILT_PRODUCTS_DIR; };
		F9751A6B287D5C4E0045F788 /* TestProjectTests.swift */ = {isa = PBXFileReference; lastKnownFileType = sourcecode.swift; path = TestProjectTests.swift; sourceTree = "<group>"; };
		F9751A71287D5C4E0045F788 /* TestProjectUITests.xctest */ = {isa = PBXFileReference; explicitFileType = wrapper.cfbundle; includeInIndex = 0; path = TestProjectUITests.xctest; sourceTree = BUILT_PRODUCTS_DIR; };
		F9751A75287D5C4E0045F788 /* TestProjectUITests.swift */ = {isa = PBXFileReference; lastKnownFileType = sourcecode.swift; path = TestProjectUITests.swift; sourceTree = "<group>"; };
		F9751A77287D5C4E0045F788 /* TestProjectUITestsLaunchTests.swift */ = {isa = PBXFileReference; lastKnownFileType = sourcecode.swift; path = TestProjectUITestsLaunchTests.swift; sourceTree = "<group>"; };
		F9870CAB28894ED9007C55DD /* start.txt */ = {isa = PBXFileReference; fileEncoding = 4; lastKnownFileType = text; path = start.txt; sourceTree = "<group>"; };
		F9E9C140288EA7A3003E0A06 /* AmericaFlagView.swift */ = {isa = PBXFileReference; lastKnownFileType = sourcecode.swift; path = AmericaFlagView.swift; sourceTree = "<group>"; };
		F9E9C142288EAA44003E0A06 /* FlagCreatorView.swift */ = {isa = PBXFileReference; lastKnownFileType = sourcecode.swift; path = FlagCreatorView.swift; sourceTree = "<group>"; };
		F9E9C144288EAC76003E0A06 /* ButtonView.swift */ = {isa = PBXFileReference; lastKnownFileType = sourcecode.swift; path = ButtonView.swift; sourceTree = "<group>"; };
		F9E9C146288EB950003E0A06 /* SwitzerlandFlagView.swift */ = {isa = PBXFileReference; lastKnownFileType = sourcecode.swift; path = SwitzerlandFlagView.swift; sourceTree = "<group>"; };
		F9E9C148288EC193003E0A06 /* GreeceFlagView.swift */ = {isa = PBXFileReference; lastKnownFileType = sourcecode.swift; path = GreeceFlagView.swift; sourceTree = "<group>"; };
/* End PBXFileReference section */

/* Begin PBXFrameworksBuildPhase section */
		F9751A54287D5C470045F788 /* Frameworks */ = {
			isa = PBXFrameworksBuildPhase;
			buildActionMask = 2147483647;
			files = (
			);
			runOnlyForDeploymentPostprocessing = 0;
		};
		F9751A64287D5C4E0045F788 /* Frameworks */ = {
			isa = PBXFrameworksBuildPhase;
			buildActionMask = 2147483647;
			files = (
			);
			runOnlyForDeploymentPostprocessing = 0;
		};
		F9751A6E287D5C4E0045F788 /* Frameworks */ = {
			isa = PBXFrameworksBuildPhase;
			buildActionMask = 2147483647;
			files = (
			);
			runOnlyForDeploymentPostprocessing = 0;
		};
/* End PBXFrameworksBuildPhase section */

/* Begin PBXGroup section */
		036215FB289933960065A2E7 /* SymbolPicker */ = {
			isa = PBXGroup;
			children = (
				036215FC289933A70065A2E7 /* Symbols.swift */,
				036215FE289934090065A2E7 /* SFSymbolsPicker.swift */,
			);
			path = SymbolPicker;
			sourceTree = "<group>";
		};
		03D51FEC28900D9700372907 /* Model */ = {
			isa = PBXGroup;
			children = (
				03D51FED28900DD600372907 /* ViewModel.swift */,
			);
			path = Model;
			sourceTree = "<group>";
		};
		03F5E1F02891544200A26207 /* DataStructures */ = {
			isa = PBXGroup;
			children = (
				03F5E1F12891545300A26207 /* Tree.swift */,
				03F5E1F32897E5E300A26207 /* Stripes.swift */,
			);
			path = DataStructures;
			sourceTree = "<group>";
		};
		F9060BBE288FD33900E73211 /* FlagViews */ = {
			isa = PBXGroup;
			children = (
				F9E9C148288EC193003E0A06 /* GreeceFlagView.swift */,
				F9E9C140288EA7A3003E0A06 /* AmericaFlagView.swift */,
				F9E9C142288EAA44003E0A06 /* FlagCreatorView.swift */,
				F9E9C144288EAC76003E0A06 /* ButtonView.swift */,
				F9E9C146288EB950003E0A06 /* SwitzerlandFlagView.swift */,
			);
			path = FlagViews;
			sourceTree = "<group>";
		};
		F9060BBF288FD37300E73211 /* FlagCreator */ = {
			isa = PBXGroup;
			children = (
				F9060BC0288FD39B00E73211 /* FlagStackView.swift */,
				03D51FE8288FE29B00372907 /* DesignerView.swift */,
				03D51FEA288FF97100372907 /* PreviewPlaygroundView.swift */,
			);
			path = FlagCreator;
			sourceTree = "<group>";
		};
		F9751A4E287D5C470045F788 = {
			isa = PBXGroup;
			children = (
				F9751A59287D5C470045F788 /* TestProject */,
				F9751A6A287D5C4E0045F788 /* TestProjectTests */,
				F9751A74287D5C4E0045F788 /* TestProjectUITests */,
				F9751A58287D5C470045F788 /* Products */,
			);
			sourceTree = "<group>";
		};
		F9751A58287D5C470045F788 /* Products */ = {
			isa = PBXGroup;
			children = (
				F9751A57287D5C470045F788 /* TestProject.app */,
				F9751A67287D5C4E0045F788 /* TestProjectTests.xctest */,
				F9751A71287D5C4E0045F788 /* TestProjectUITests.xctest */,
			);
			name = Products;
			sourceTree = "<group>";
		};
		F9751A59287D5C470045F788 /* TestProject */ = {
			isa = PBXGroup;
			children = (
				03621600289952FA0065A2E7 /* Info.plist */,
				036215FB289933960065A2E7 /* SymbolPicker */,
				03F5E1F02891544200A26207 /* DataStructures */,
				03D51FEC28900D9700372907 /* Model */,
				F97E3737288E804D0031D192 /* Views */,
				F9870CAB28894ED9007C55DD /* start.txt */,
				F9751A5A287D5C470045F788 /* TestProjectApp.swift */,
				F9751A5E287D5C4D0045F788 /* Assets.xcassets */,
				03638418289A860F004B53C6 /* Imnul Romaniei (Romanian Anthem).mp3 */,
				F9751A60287D5C4D0045F788 /* Preview Content */,
			);
			path = TestProject;
			sourceTree = "<group>";
		};
		F9751A60287D5C4D0045F788 /* Preview Content */ = {
			isa = PBXGroup;
			children = (
				F9751A61287D5C4D0045F788 /* Preview Assets.xcassets */,
			);
			path = "Preview Content";
			sourceTree = "<group>";
		};
		F9751A6A287D5C4E0045F788 /* TestProjectTests */ = {
			isa = PBXGroup;
			children = (
				F9751A6B287D5C4E0045F788 /* TestProjectTests.swift */,
			);
			path = TestProjectTests;
			sourceTree = "<group>";
		};
		F9751A74287D5C4E0045F788 /* TestProjectUITests */ = {
			isa = PBXGroup;
			children = (
				F9751A75287D5C4E0045F788 /* TestProjectUITests.swift */,
				F9751A77287D5C4E0045F788 /* TestProjectUITestsLaunchTests.swift */,
			);
			path = TestProjectUITests;
			sourceTree = "<group>";
		};
		F97E3737288E804D0031D192 /* Views */ = {
			isa = PBXGroup;
			children = (
				F9060BBF288FD37300E73211 /* FlagCreator */,
				F9060BBE288FD33900E73211 /* FlagViews */,
				F9751A5C287D5C470045F788 /* ContentView.swift */,
			);
			path = Views;
			sourceTree = "<group>";
		};
/* End PBXGroup section */

/* Begin PBXNativeTarget section */
		F9751A56287D5C470045F788 /* TestProject */ = {
			isa = PBXNativeTarget;
			buildConfigurationList = F9751A7B287D5C4E0045F788 /* Build configuration list for PBXNativeTarget "TestProject" */;
			buildPhases = (
				F9751A53287D5C470045F788 /* Sources */,
				F9751A54287D5C470045F788 /* Frameworks */,
				F9751A55287D5C470045F788 /* Resources */,
			);
			buildRules = (
			);
			dependencies = (
			);
			name = TestProject;
			productName = TestProject;
			productReference = F9751A57287D5C470045F788 /* TestProject.app */;
			productType = "com.apple.product-type.application";
		};
		F9751A66287D5C4E0045F788 /* TestProjectTests */ = {
			isa = PBXNativeTarget;
			buildConfigurationList = F9751A7E287D5C4E0045F788 /* Build configuration list for PBXNativeTarget "TestProjectTests" */;
			buildPhases = (
				F9751A63287D5C4E0045F788 /* Sources */,
				F9751A64287D5C4E0045F788 /* Frameworks */,
				F9751A65287D5C4E0045F788 /* Resources */,
			);
			buildRules = (
			);
			dependencies = (
				F9751A69287D5C4E0045F788 /* PBXTargetDependency */,
			);
			name = TestProjectTests;
			productName = TestProjectTests;
			productReference = F9751A67287D5C4E0045F788 /* TestProjectTests.xctest */;
			productType = "com.apple.product-type.bundle.unit-test";
		};
		F9751A70287D5C4E0045F788 /* TestProjectUITests */ = {
			isa = PBXNativeTarget;
			buildConfigurationList = F9751A81287D5C4E0045F788 /* Build configuration list for PBXNativeTarget "TestProjectUITests" */;
			buildPhases = (
				F9751A6D287D5C4E0045F788 /* Sources */,
				F9751A6E287D5C4E0045F788 /* Frameworks */,
				F9751A6F287D5C4E0045F788 /* Resources */,
			);
			buildRules = (
			);
			dependencies = (
				F9751A73287D5C4E0045F788 /* PBXTargetDependency */,
			);
			name = TestProjectUITests;
			productName = TestProjectUITests;
			productReference = F9751A71287D5C4E0045F788 /* TestProjectUITests.xctest */;
			productType = "com.apple.product-type.bundle.ui-testing";
		};
/* End PBXNativeTarget section */

/* Begin PBXProject section */
		F9751A4F287D5C470045F788 /* Project object */ = {
			isa = PBXProject;
			attributes = {
				BuildIndependentTargetsInParallel = 1;
				LastSwiftUpdateCheck = 1340;
				LastUpgradeCheck = 1340;
				TargetAttributes = {
					F9751A56287D5C470045F788 = {
						CreatedOnToolsVersion = 13.4.1;
					};
					F9751A66287D5C4E0045F788 = {
						CreatedOnToolsVersion = 13.4.1;
						TestTargetID = F9751A56287D5C470045F788;
					};
					F9751A70287D5C4E0045F788 = {
						CreatedOnToolsVersion = 13.4.1;
						TestTargetID = F9751A56287D5C470045F788;
					};
				};
			};
			buildConfigurationList = F9751A52287D5C470045F788 /* Build configuration list for PBXProject "TestProject" */;
			compatibilityVersion = "Xcode 13.0";
			developmentRegion = en;
			hasScannedForEncodings = 0;
			knownRegions = (
				en,
				Base,
			);
			mainGroup = F9751A4E287D5C470045F788;
			productRefGroup = F9751A58287D5C470045F788 /* Products */;
			projectDirPath = "";
			projectRoot = "";
			targets = (
				F9751A56287D5C470045F788 /* TestProject */,
				F9751A66287D5C4E0045F788 /* TestProjectTests */,
				F9751A70287D5C4E0045F788 /* TestProjectUITests */,
			);
		};
/* End PBXProject section */

/* Begin PBXResourcesBuildPhase section */
		F9751A55287D5C470045F788 /* Resources */ = {
			isa = PBXResourcesBuildPhase;
			buildActionMask = 2147483647;
			files = (
				F9751A62287D5C4D0045F788 /* Preview Assets.xcassets in Resources */,
				F9870CAC28894ED9007C55DD /* start.txt in Resources */,
				03638419289A860F004B53C6 /* Imnul Romaniei (Romanian Anthem).mp3 in Resources */,
				F9751A5F287D5C4D0045F788 /* Assets.xcassets in Resources */,
			);
			runOnlyForDeploymentPostprocessing = 0;
		};
		F9751A65287D5C4E0045F788 /* Resources */ = {
			isa = PBXResourcesBuildPhase;
			buildActionMask = 2147483647;
			files = (
			);
			runOnlyForDeploymentPostprocessing = 0;
		};
		F9751A6F287D5C4E0045F788 /* Resources */ = {
			isa = PBXResourcesBuildPhase;
			buildActionMask = 2147483647;
			files = (
			);
			runOnlyForDeploymentPostprocessing = 0;
		};
/* End PBXResourcesBuildPhase section */

/* Begin PBXSourcesBuildPhase section */
		F9751A53287D5C470045F788 /* Sources */ = {
			isa = PBXSourcesBuildPhase;
			buildActionMask = 2147483647;
			files = (
				F9751A5D287D5C470045F788 /* ContentView.swift in Sources */,
				036215FF289934090065A2E7 /* SFSymbolsPicker.swift in Sources */,
				F9060BC1288FD39B00E73211 /* FlagStackView.swift in Sources */,
				03D51FEE28900DD600372907 /* ViewModel.swift in Sources */,
				03F5E1F42897E5E300A26207 /* Stripes.swift in Sources */,
				F9E9C143288EAA44003E0A06 /* FlagCreatorView.swift in Sources */,
				F9E9C145288EAC76003E0A06 /* ButtonView.swift in Sources */,
				03D51FEB288FF97200372907 /* PreviewPlaygroundView.swift in Sources */,
				F9E9C141288EA7A3003E0A06 /* AmericaFlagView.swift in Sources */,
				03D51FE9288FE29B00372907 /* DesignerView.swift in Sources */,
				F9E9C149288EC193003E0A06 /* GreeceFlagView.swift in Sources */,
				03F5E1F22891545300A26207 /* Tree.swift in Sources */,
				F9E9C147288EB950003E0A06 /* SwitzerlandFlagView.swift in Sources */,
				F9751A5B287D5C470045F788 /* TestProjectApp.swift in Sources */,
				036215FD289933A70065A2E7 /* Symbols.swift in Sources */,
			);
			runOnlyForDeploymentPostprocessing = 0;
		};
		F9751A63287D5C4E0045F788 /* Sources */ = {
			isa = PBXSourcesBuildPhase;
			buildActionMask = 2147483647;
			files = (
				F9751A6C287D5C4E0045F788 /* TestProjectTests.swift in Sources */,
			);
			runOnlyForDeploymentPostprocessing = 0;
		};
		F9751A6D287D5C4E0045F788 /* Sources */ = {
			isa = PBXSourcesBuildPhase;
			buildActionMask = 2147483647;
			files = (
				F9751A78287D5C4E0045F788 /* TestProjectUITestsLaunchTests.swift in Sources */,
				F9751A76287D5C4E0045F788 /* TestProjectUITests.swift in Sources */,
			);
			runOnlyForDeploymentPostprocessing = 0;
		};
/* End PBXSourcesBuildPhase section */

/* Begin PBXTargetDependency section */
		F9751A69287D5C4E0045F788 /* PBXTargetDependency */ = {
			isa = PBXTargetDependency;
			target = F9751A56287D5C470045F788 /* TestProject */;
			targetProxy = F9751A68287D5C4E0045F788 /* PBXContainerItemProxy */;
		};
		F9751A73287D5C4E0045F788 /* PBXTargetDependency */ = {
			isa = PBXTargetDependency;
			target = F9751A56287D5C470045F788 /* TestProject */;
			targetProxy = F9751A72287D5C4E0045F788 /* PBXContainerItemProxy */;
		};
/* End PBXTargetDependency section */

/* Begin XCBuildConfiguration section */
		F9751A79287D5C4E0045F788 /* Debug */ = {
			isa = XCBuildConfiguration;
			buildSettings = {
				ALWAYS_SEARCH_USER_PATHS = NO;
				CLANG_ANALYZER_NONNULL = YES;
				CLANG_ANALYZER_NUMBER_OBJECT_CONVERSION = YES_AGGRESSIVE;
				CLANG_CXX_LANGUAGE_STANDARD = "gnu++17";
				CLANG_ENABLE_MODULES = YES;
				CLANG_ENABLE_OBJC_ARC = YES;
				CLANG_ENABLE_OBJC_WEAK = YES;
				CLANG_WARN_BLOCK_CAPTURE_AUTORELEASING = YES;
				CLANG_WARN_BOOL_CONVERSION = YES;
				CLANG_WARN_COMMA = YES;
				CLANG_WARN_CONSTANT_CONVERSION = YES;
				CLANG_WARN_DEPRECATED_OBJC_IMPLEMENTATIONS = YES;
				CLANG_WARN_DIRECT_OBJC_ISA_USAGE = YES_ERROR;
				CLANG_WARN_DOCUMENTATION_COMMENTS = YES;
				CLANG_WARN_EMPTY_BODY = YES;
				CLANG_WARN_ENUM_CONVERSION = YES;
				CLANG_WARN_INFINITE_RECURSION = YES;
				CLANG_WARN_INT_CONVERSION = YES;
				CLANG_WARN_NON_LITERAL_NULL_CONVERSION = YES;
				CLANG_WARN_OBJC_IMPLICIT_RETAIN_SELF = YES;
				CLANG_WARN_OBJC_LITERAL_CONVERSION = YES;
				CLANG_WARN_OBJC_ROOT_CLASS = YES_ERROR;
				CLANG_WARN_QUOTED_INCLUDE_IN_FRAMEWORK_HEADER = YES;
				CLANG_WARN_RANGE_LOOP_ANALYSIS = YES;
				CLANG_WARN_STRICT_PROTOTYPES = YES;
				CLANG_WARN_SUSPICIOUS_MOVE = YES;
				CLANG_WARN_UNGUARDED_AVAILABILITY = YES_AGGRESSIVE;
				CLANG_WARN_UNREACHABLE_CODE = YES;
				CLANG_WARN__DUPLICATE_METHOD_MATCH = YES;
				COPY_PHASE_STRIP = NO;
				DEBUG_INFORMATION_FORMAT = dwarf;
				ENABLE_STRICT_OBJC_MSGSEND = YES;
				ENABLE_TESTABILITY = YES;
				GCC_C_LANGUAGE_STANDARD = gnu11;
				GCC_DYNAMIC_NO_PIC = NO;
				GCC_NO_COMMON_BLOCKS = YES;
				GCC_OPTIMIZATION_LEVEL = 0;
				GCC_PREPROCESSOR_DEFINITIONS = (
					"DEBUG=1",
					"$(inherited)",
				);
				GCC_WARN_64_TO_32_BIT_CONVERSION = YES;
				GCC_WARN_ABOUT_RETURN_TYPE = YES_ERROR;
				GCC_WARN_UNDECLARED_SELECTOR = YES;
				GCC_WARN_UNINITIALIZED_AUTOS = YES_AGGRESSIVE;
				GCC_WARN_UNUSED_FUNCTION = YES;
				GCC_WARN_UNUSED_VARIABLE = YES;
				IPHONEOS_DEPLOYMENT_TARGET = 15.5;
				MTL_ENABLE_DEBUG_INFO = INCLUDE_SOURCE;
				MTL_FAST_MATH = YES;
				ONLY_ACTIVE_ARCH = YES;
				SDKROOT = iphoneos;
				SWIFT_ACTIVE_COMPILATION_CONDITIONS = DEBUG;
				SWIFT_OPTIMIZATION_LEVEL = "-Onone";
			};
			name = Debug;
		};
		F9751A7A287D5C4E0045F788 /* Release */ = {
			isa = XCBuildConfiguration;
			buildSettings = {
				ALWAYS_SEARCH_USER_PATHS = NO;
				CLANG_ANALYZER_NONNULL = YES;
				CLANG_ANALYZER_NUMBER_OBJECT_CONVERSION = YES_AGGRESSIVE;
				CLANG_CXX_LANGUAGE_STANDARD = "gnu++17";
				CLANG_ENABLE_MODULES = YES;
				CLANG_ENABLE_OBJC_ARC = YES;
				CLANG_ENABLE_OBJC_WEAK = YES;
				CLANG_WARN_BLOCK_CAPTURE_AUTORELEASING = YES;
				CLANG_WARN_BOOL_CONVERSION = YES;
				CLANG_WARN_COMMA = YES;
				CLANG_WARN_CONSTANT_CONVERSION = YES;
				CLANG_WARN_DEPRECATED_OBJC_IMPLEMENTATIONS = YES;
				CLANG_WARN_DIRECT_OBJC_ISA_USAGE = YES_ERROR;
				CLANG_WARN_DOCUMENTATION_COMMENTS = YES;
				CLANG_WARN_EMPTY_BODY = YES;
				CLANG_WARN_ENUM_CONVERSION = YES;
				CLANG_WARN_INFINITE_RECURSION = YES;
				CLANG_WARN_INT_CONVERSION = YES;
				CLANG_WARN_NON_LITERAL_NULL_CONVERSION = YES;
				CLANG_WARN_OBJC_IMPLICIT_RETAIN_SELF = YES;
				CLANG_WARN_OBJC_LITERAL_CONVERSION = YES;
				CLANG_WARN_OBJC_ROOT_CLASS = YES_ERROR;
				CLANG_WARN_QUOTED_INCLUDE_IN_FRAMEWORK_HEADER = YES;
				CLANG_WARN_RANGE_LOOP_ANALYSIS = YES;
				CLANG_WARN_STRICT_PROTOTYPES = YES;
				CLANG_WARN_SUSPICIOUS_MOVE = YES;
				CLANG_WARN_UNGUARDED_AVAILABILITY = YES_AGGRESSIVE;
				CLANG_WARN_UNREACHABLE_CODE = YES;
				CLANG_WARN__DUPLICATE_METHOD_MATCH = YES;
				COPY_PHASE_STRIP = NO;
				DEBUG_INFORMATION_FORMAT = "dwarf-with-dsym";
				ENABLE_NS_ASSERTIONS = NO;
				ENABLE_STRICT_OBJC_MSGSEND = YES;
				GCC_C_LANGUAGE_STANDARD = gnu11;
				GCC_NO_COMMON_BLOCKS = YES;
				GCC_WARN_64_TO_32_BIT_CONVERSION = YES;
				GCC_WARN_ABOUT_RETURN_TYPE = YES_ERROR;
				GCC_WARN_UNDECLARED_SELECTOR = YES;
				GCC_WARN_UNINITIALIZED_AUTOS = YES_AGGRESSIVE;
				GCC_WARN_UNUSED_FUNCTION = YES;
				GCC_WARN_UNUSED_VARIABLE = YES;
				IPHONEOS_DEPLOYMENT_TARGET = 15.5;
				MTL_ENABLE_DEBUG_INFO = NO;
				MTL_FAST_MATH = YES;
				SDKROOT = iphoneos;
				SWIFT_COMPILATION_MODE = wholemodule;
				SWIFT_OPTIMIZATION_LEVEL = "-O";
				VALIDATE_PRODUCT = YES;
			};
			name = Release;
		};
		F9751A7C287D5C4E0045F788 /* Debug */ = {
			isa = XCBuildConfiguration;
			buildSettings = {
				ASSETCATALOG_COMPILER_APPICON_NAME = AppIcon;
				ASSETCATALOG_COMPILER_GLOBAL_ACCENT_COLOR_NAME = AccentColor;
				CODE_SIGN_STYLE = Automatic;
				CURRENT_PROJECT_VERSION = 1;
				DEVELOPMENT_ASSET_PATHS = "\"TestProject/Preview Content\"";
				DEVELOPMENT_TEAM = UC457FQPMT;
				ENABLE_PREVIEWS = YES;
				GENERATE_INFOPLIST_FILE = YES;
				INFOPLIST_FILE = TestProject/Info.plist;
				INFOPLIST_KEY_UIApplicationSceneManifest_Generation = YES;
				INFOPLIST_KEY_UIApplicationSupportsIndirectInputEvents = YES;
				INFOPLIST_KEY_UILaunchScreen_Generation = YES;
				INFOPLIST_KEY_UISupportedInterfaceOrientations_iPad = "UIInterfaceOrientationPortrait UIInterfaceOrientationPortraitUpsideDown UIInterfaceOrientationLandscapeLeft UIInterfaceOrientationLandscapeRight";
				INFOPLIST_KEY_UISupportedInterfaceOrientations_iPhone = "UIInterfaceOrientationPortrait UIInterfaceOrientationLandscapeLeft UIInterfaceOrientationLandscapeRight";
				LD_RUNPATH_SEARCH_PATHS = (
					"$(inherited)",
					"@executable_path/Frameworks",
				);
				MARKETING_VERSION = 1.0;
				PRODUCT_BUNDLE_IDENTIFIER = com.tapptitude.TestProject;
				PRODUCT_NAME = "$(TARGET_NAME)";
				SWIFT_EMIT_LOC_STRINGS = YES;
				SWIFT_VERSION = 5.0;
				TARGETED_DEVICE_FAMILY = "1,2";
			};
			name = Debug;
		};
		F9751A7D287D5C4E0045F788 /* Release */ = {
			isa = XCBuildConfiguration;
			buildSettings = {
				ASSETCATALOG_COMPILER_APPICON_NAME = AppIcon;
				ASSETCATALOG_COMPILER_GLOBAL_ACCENT_COLOR_NAME = AccentColor;
				CODE_SIGN_STYLE = Automatic;
				CURRENT_PROJECT_VERSION = 1;
				DEVELOPMENT_ASSET_PATHS = "\"TestProject/Preview Content\"";
				DEVELOPMENT_TEAM = UC457FQPMT;
				ENABLE_PREVIEWS = YES;
				GENERATE_INFOPLIST_FILE = YES;
				INFOPLIST_FILE = TestProject/Info.plist;
				INFOPLIST_KEY_UIApplicationSceneManifest_Generation = YES;
				INFOPLIST_KEY_UIApplicationSupportsIndirectInputEvents = YES;
				INFOPLIST_KEY_UILaunchScreen_Generation = YES;
				INFOPLIST_KEY_UISupportedInterfaceOrientations_iPad = "UIInterfaceOrientationPortrait UIInterfaceOrientationPortraitUpsideDown UIInterfaceOrientationLandscapeLeft UIInterfaceOrientationLandscapeRight";
				INFOPLIST_KEY_UISupportedInterfaceOrientations_iPhone = "UIInterfaceOrientationPortrait UIInterfaceOrientationLandscapeLeft UIInterfaceOrientationLandscapeRight";
				LD_RUNPATH_SEARCH_PATHS = (
					"$(inherited)",
					"@executable_path/Frameworks",
				);
				MARKETING_VERSION = 1.0;
				PRODUCT_BUNDLE_IDENTIFIER = com.tapptitude.TestProject;
				PRODUCT_NAME = "$(TARGET_NAME)";
				SWIFT_EMIT_LOC_STRINGS = YES;
				SWIFT_VERSION = 5.0;
				TARGETED_DEVICE_FAMILY = "1,2";
			};
			name = Release;
		};
		F9751A7F287D5C4E0045F788 /* Debug */ = {
			isa = XCBuildConfiguration;
			buildSettings = {
				ALWAYS_EMBED_SWIFT_STANDARD_LIBRARIES = YES;
				BUNDLE_LOADER = "$(TEST_HOST)";
				CODE_SIGN_STYLE = Automatic;
				CURRENT_PROJECT_VERSION = 1;
				GENERATE_INFOPLIST_FILE = YES;
				IPHONEOS_DEPLOYMENT_TARGET = 15.5;
				MARKETING_VERSION = 1.0;
				PRODUCT_BUNDLE_IDENTIFIER = com.tapptitude.TestProjectTests;
				PRODUCT_NAME = "$(TARGET_NAME)";
				SWIFT_EMIT_LOC_STRINGS = NO;
				SWIFT_VERSION = 5.0;
				TARGETED_DEVICE_FAMILY = "1,2";
				TEST_HOST = "$(BUILT_PRODUCTS_DIR)/TestProject.app/TestProject";
			};
			name = Debug;
		};
		F9751A80287D5C4E0045F788 /* Release */ = {
			isa = XCBuildConfiguration;
			buildSettings = {
				ALWAYS_EMBED_SWIFT_STANDARD_LIBRARIES = YES;
				BUNDLE_LOADER = "$(TEST_HOST)";
				CODE_SIGN_STYLE = Automatic;
				CURRENT_PROJECT_VERSION = 1;
				GENERATE_INFOPLIST_FILE = YES;
				IPHONEOS_DEPLOYMENT_TARGET = 15.5;
				MARKETING_VERSION = 1.0;
				PRODUCT_BUNDLE_IDENTIFIER = com.tapptitude.TestProjectTests;
				PRODUCT_NAME = "$(TARGET_NAME)";
				SWIFT_EMIT_LOC_STRINGS = NO;
				SWIFT_VERSION = 5.0;
				TARGETED_DEVICE_FAMILY = "1,2";
				TEST_HOST = "$(BUILT_PRODUCTS_DIR)/TestProject.app/TestProject";
			};
			name = Release;
		};
		F9751A82287D5C4E0045F788 /* Debug */ = {
			isa = XCBuildConfiguration;
			buildSettings = {
				ALWAYS_EMBED_SWIFT_STANDARD_LIBRARIES = YES;
				CODE_SIGN_STYLE = Automatic;
				CURRENT_PROJECT_VERSION = 1;
				GENERATE_INFOPLIST_FILE = YES;
				MARKETING_VERSION = 1.0;
				PRODUCT_BUNDLE_IDENTIFIER = com.tapptitude.TestProjectUITests;
				PRODUCT_NAME = "$(TARGET_NAME)";
				SWIFT_EMIT_LOC_STRINGS = NO;
				SWIFT_VERSION = 5.0;
				TARGETED_DEVICE_FAMILY = "1,2";
				TEST_TARGET_NAME = TestProject;
			};
			name = Debug;
		};
		F9751A83287D5C4E0045F788 /* Release */ = {
			isa = XCBuildConfiguration;
			buildSettings = {
				ALWAYS_EMBED_SWIFT_STANDARD_LIBRARIES = YES;
				CODE_SIGN_STYLE = Automatic;
				CURRENT_PROJECT_VERSION = 1;
				GENERATE_INFOPLIST_FILE = YES;
				MARKETING_VERSION = 1.0;
				PRODUCT_BUNDLE_IDENTIFIER = com.tapptitude.TestProjectUITests;
				PRODUCT_NAME = "$(TARGET_NAME)";
				SWIFT_EMIT_LOC_STRINGS = NO;
				SWIFT_VERSION = 5.0;
				TARGETED_DEVICE_FAMILY = "1,2";
				TEST_TARGET_NAME = TestProject;
			};
			name = Release;
		};
/* End XCBuildConfiguration section */

/* Begin XCConfigurationList section */
		F9751A52287D5C470045F788 /* Build configuration list for PBXProject "TestProject" */ = {
			isa = XCConfigurationList;
			buildConfigurations = (
				F9751A79287D5C4E0045F788 /* Debug */,
				F9751A7A287D5C4E0045F788 /* Release */,
			);
			defaultConfigurationIsVisible = 0;
			defaultConfigurationName = Release;
		};
		F9751A7B287D5C4E0045F788 /* Build configuration list for PBXNativeTarget "TestProject" */ = {
			isa = XCConfigurationList;
			buildConfigurations = (
				F9751A7C287D5C4E0045F788 /* Debug */,
				F9751A7D287D5C4E0045F788 /* Release */,
			);
			defaultConfigurationIsVisible = 0;
			defaultConfigurationName = Release;
		};
		F9751A7E287D5C4E0045F788 /* Build configuration list for PBXNativeTarget "TestProjectTests" */ = {
			isa = XCConfigurationList;
			buildConfigurations = (
				F9751A7F287D5C4E0045F788 /* Debug */,
				F9751A80287D5C4E0045F788 /* Release */,
			);
			defaultConfigurationIsVisible = 0;
			defaultConfigurationName = Release;
		};
		F9751A81287D5C4E0045F788 /* Build configuration list for PBXNativeTarget "TestProjectUITests" */ = {
			isa = XCConfigurationList;
			buildConfigurations = (
				F9751A82287D5C4E0045F788 /* Debug */,
				F9751A83287D5C4E0045F788 /* Release */,
			);
			defaultConfigurationIsVisible = 0;
			defaultConfigurationName = Release;
		};
/* End XCConfigurationList section */
	};
	rootObject = F9751A4F287D5C470045F788 /* Project object */;
}
